
Microsoft Visual Studio Solution File, Format Version 12.00
# Visual Studio Version 16
VisualStudioVersion = 16.0.29215.179
MinimumVisualStudioVersion = 10.0.40219.1
Project("{FAE04EC0-301F-11D3-BF4B-00C04F79EFBC}") = "Parkering_Prag1.0", "Parkering_Prag1.0\Parkering_Prag1.0.csproj", "{D3AA45CD-BB40-497A-875B-D81D16E6DF58}"
EndProject
Global
	GlobalSection(SolutionConfigurationPlatforms) = preSolution
		Debug|Any CPU = Debug|Any CPU
		Release|Any CPU = Release|Any CPU
	EndGlobalSection
	GlobalSection(ProjectConfigurationPlatforms) = postSolution
		{D3AA45CD-BB40-497A-875B-D81D16E6DF58}.Debug|Any CPU.ActiveCfg = Debug|Any CPU
		{D3AA45CD-BB40-497A-875B-D81D16E6DF58}.Debug|Any CPU.Build.0 = Debug|Any CPU
		{D3AA45CD-BB40-497A-875B-D81D16E6DF58}.Release|Any CPU.ActiveCfg = Release|Any CPU
		{D3AA45CD-BB40-497A-875B-D81D16E6DF58}.Release|Any CPU.Build.0 = Release|Any CPU
	EndGlobalSection
	GlobalSection(SolutionProperties) = preSolution
		HideSolutionNode = FALSE
	EndGlobalSection
	GlobalSection(ExtensibilityGlobals) = postSolution
		SolutionGuid = {ACE704E3-65B0-46FF-9904-4C407CEE7BEC}
	EndGlobalSection
EndGlobal
